
Microsoft Visual Studio Solution File, Format Version 12.00
# Visual Studio 15
VisualStudioVersion = 15.0.26730.12
MinimumVisualStudioVersion = 10.0.40219.1
Project("{FAE04EC0-301F-11D3-BF4B-00C04F79EFBC}") = "TestDrivenDevelopment", "TestDrivenDevelopment\TestDrivenDevelopment.csproj", "{2EC95143-0702-473A-AE3B-7B730BA3D4EF}"
EndProject
Project("{9A19103F-16F7-4668-BE54-9A1E7A4F7556}") = "DAL", "BE\DAL.csproj", "{D7536C67-854E-4384-B1DA-4387AE32233D}"
EndProject
Project("{FAE04EC0-301F-11D3-BF4B-00C04F79EFBC}") = "BLL", "BLL\BLL.csproj", "{608B5625-AD72-4ED9-974E-8137964B722C}"
EndProject
Global
	GlobalSection(SolutionConfigurationPlatforms) = preSolution
		Debug|Any CPU = Debug|Any CPU
		Release|Any CPU = Release|Any CPU
	EndGlobalSection
	GlobalSection(ProjectConfigurationPlatforms) = postSolution
		{2EC95143-0702-473A-AE3B-7B730BA3D4EF}.Debug|Any CPU.ActiveCfg = Debug|Any CPU
		{2EC95143-0702-473A-AE3B-7B730BA3D4EF}.Debug|Any CPU.Build.0 = Debug|Any CPU
		{2EC95143-0702-473A-AE3B-7B730BA3D4EF}.Release|Any CPU.ActiveCfg = Release|Any CPU
		{2EC95143-0702-473A-AE3B-7B730BA3D4EF}.Release|Any CPU.Build.0 = Release|Any CPU
		{D7536C67-854E-4384-B1DA-4387AE32233D}.Debug|Any CPU.ActiveCfg = Debug|Any CPU
		{D7536C67-854E-4384-B1DA-4387AE32233D}.Debug|Any CPU.Build.0 = Debug|Any CPU
		{D7536C67-854E-4384-B1DA-4387AE32233D}.Release|Any CPU.ActiveCfg = Release|Any CPU
		{D7536C67-854E-4384-B1DA-4387AE32233D}.Release|Any CPU.Build.0 = Release|Any CPU
		{608B5625-AD72-4ED9-974E-8137964B722C}.Debug|Any CPU.ActiveCfg = Debug|Any CPU
		{608B5625-AD72-4ED9-974E-8137964B722C}.Debug|Any CPU.Build.0 = Debug|Any CPU
		{608B5625-AD72-4ED9-974E-8137964B722C}.Release|Any CPU.ActiveCfg = Release|Any CPU
		{608B5625-AD72-4ED9-974E-8137964B722C}.Release|Any CPU.Build.0 = Release|Any CPU
	EndGlobalSection
	GlobalSection(SolutionProperties) = preSolution
		HideSolutionNode = FALSE
	EndGlobalSection
	GlobalSection(ExtensibilityGlobals) = postSolution
		SolutionGuid = {3BB15BE1-762C-4E13-9740-C19255AEC242}
	EndGlobalSection
EndGlobal
